// !$*UTF8*$!
{
	archiveVersion = 1;
	classes = {
	};
	objectVersion = 48;
	objects = {

/* Begin PBXBuildFile section */
		BE0CAAA420AC4B4E00EA696C /* AppDelegate.swift in Sources */ = {isa = PBXBuildFile; fileRef = BE0CAAA320AC4B4E00EA696C /* AppDelegate.swift */; };
		BE0CAAA920AC4B4E00EA696C /* Main.storyboard in Resources */ = {isa = PBXBuildFile; fileRef = BE0CAAA720AC4B4E00EA696C /* Main.storyboard */; };
		BE0CAAAB20AC4B4E00EA696C /* Assets.xcassets in Resources */ = {isa = PBXBuildFile; fileRef = BE0CAAAA20AC4B4E00EA696C /* Assets.xcassets */; };
		BE0CAAAE20AC4B4E00EA696C /* LaunchScreen.storyboard in Resources */ = {isa = PBXBuildFile; fileRef = BE0CAAAC20AC4B4E00EA696C /* LaunchScreen.storyboard */; };
		BE0CAAB720AC525700EA696C /* Coffee.swift in Sources */ = {isa = PBXBuildFile; fileRef = BE0CAAB620AC525700EA696C /* Coffee.swift */; };
		BE0CAAB920AC52F300EA696C /* Enums.swift in Sources */ = {isa = PBXBuildFile; fileRef = BE0CAAB820AC52F200EA696C /* Enums.swift */; };
		BE0CAABB20AC554300EA696C /* Recipe.swift in Sources */ = {isa = PBXBuildFile; fileRef = BE0CAABA20AC554300EA696C /* Recipe.swift */; };
		BE0CAABD20AC55B000EA696C /* Ingredient.swift in Sources */ = {isa = PBXBuildFile; fileRef = BE0CAABC20AC55B000EA696C /* Ingredient.swift */; };
		BE0CAABF20AC597500EA696C /* Grain.swift in Sources */ = {isa = PBXBuildFile; fileRef = BE0CAABE20AC597500EA696C /* Grain.swift */; };
		BE0CAAC220AC74DD00EA696C /* ArchiveViewController.swift in Sources */ = {isa = PBXBuildFile; fileRef = BE0CAAC120AC74DD00EA696C /* ArchiveViewController.swift */; };
		BE0CAAC720AC75A500EA696C /* Card.xib in Resources */ = {isa = PBXBuildFile; fileRef = BE0CAAC620AC75A500EA696C /* Card.xib */; };
		BE0CAAC920AD9B1000EA696C /* HomeTableViewController.swift in Sources */ = {isa = PBXBuildFile; fileRef = BE0CAAC820AD9B1000EA696C /* HomeTableViewController.swift */; };
		BE0CAACD20ADA8C300EA696C /* Card.swift in Sources */ = {isa = PBXBuildFile; fileRef = BE0CAACC20ADA8C300EA696C /* Card.swift */; };
/* End PBXBuildFile section */

/* Begin PBXFileReference section */
		BE0CAAA020AC4B4E00EA696C /* CoffeeHub.app */ = {isa = PBXFileReference; explicitFileType = wrapper.application; includeInIndex = 0; path = CoffeeHub.app; sourceTree = BUILT_PRODUCTS_DIR; };
		BE0CAAA320AC4B4E00EA696C /* AppDelegate.swift */ = {isa = PBXFileReference; lastKnownFileType = sourcecode.swift; path = AppDelegate.swift; sourceTree = "<group>"; };
		BE0CAAA820AC4B4E00EA696C /* Base */ = {isa = PBXFileReference; lastKnownFileType = file.storyboard; name = Base; path = Base.lproj/Main.storyboard; sourceTree = "<group>"; };
		BE0CAAAA20AC4B4E00EA696C /* Assets.xcassets */ = {isa = PBXFileReference; lastKnownFileType = folder.assetcatalog; path = Assets.xcassets; sourceTree = "<group>"; };
		BE0CAAAD20AC4B4E00EA696C /* Base */ = {isa = PBXFileReference; lastKnownFileType = file.storyboard; name = Base; path = Base.lproj/LaunchScreen.storyboard; sourceTree = "<group>"; };
		BE0CAAAF20AC4B4E00EA696C /* Info.plist */ = {isa = PBXFileReference; lastKnownFileType = text.plist.xml; path = Info.plist; sourceTree = "<group>"; };
		BE0CAAB620AC525700EA696C /* Coffee.swift */ = {isa = PBXFileReference; lastKnownFileType = sourcecode.swift; path = Coffee.swift; sourceTree = "<group>"; };
		BE0CAAB820AC52F200EA696C /* Enums.swift */ = {isa = PBXFileReference; lastKnownFileType = sourcecode.swift; path = Enums.swift; sourceTree = "<group>"; };
		BE0CAABA20AC554300EA696C /* Recipe.swift */ = {isa = PBXFileReference; lastKnownFileType = sourcecode.swift; path = Recipe.swift; sourceTree = "<group>"; };
		BE0CAABC20AC55B000EA696C /* Ingredient.swift */ = {isa = PBXFileReference; lastKnownFileType = sourcecode.swift; path = Ingredient.swift; sourceTree = "<group>"; };
		BE0CAABE20AC597500EA696C /* Grain.swift */ = {isa = PBXFileReference; lastKnownFileType = sourcecode.swift; path = Grain.swift; sourceTree = "<group>"; };
		BE0CAAC120AC74DD00EA696C /* ArchiveViewController.swift */ = {isa = PBXFileReference; lastKnownFileType = sourcecode.swift; path = ArchiveViewController.swift; sourceTree = "<group>"; };
		BE0CAAC620AC75A500EA696C /* Card.xib */ = {isa = PBXFileReference; lastKnownFileType = file.xib; path = Card.xib; sourceTree = "<group>"; };
		BE0CAAC820AD9B1000EA696C /* HomeTableViewController.swift */ = {isa = PBXFileReference; lastKnownFileType = sourcecode.swift; path = HomeTableViewController.swift; sourceTree = "<group>"; };
		BE0CAACC20ADA8C300EA696C /* Card.swift */ = {isa = PBXFileReference; lastKnownFileType = sourcecode.swift; path = Card.swift; sourceTree = "<group>"; };
/* End PBXFileReference section */

/* Begin PBXFrameworksBuildPhase section */
		BE0CAA9D20AC4B4E00EA696C /* Frameworks */ = {
			isa = PBXFrameworksBuildPhase;
			buildActionMask = 2147483647;
			files = (
			);
			runOnlyForDeploymentPostprocessing = 0;
		};
/* End PBXFrameworksBuildPhase section */

/* Begin PBXGroup section */
		BE0CAA9720AC4B4E00EA696C = {
			isa = PBXGroup;
			children = (
				BE0CAAA220AC4B4E00EA696C /* CoffeeHub */,
				BE0CAAA120AC4B4E00EA696C /* Products */,
			);
			sourceTree = "<group>";
		};
		BE0CAAA120AC4B4E00EA696C /* Products */ = {
			isa = PBXGroup;
			children = (
				BE0CAAA020AC4B4E00EA696C /* CoffeeHub.app */,
			);
			name = Products;
			sourceTree = "<group>";
		};
		BE0CAAA220AC4B4E00EA696C /* CoffeeHub */ = {
			isa = PBXGroup;
			children = (
				BE0CAAC320AC74EE00EA696C /* Components */,
				BE0CAAC020AC74B100EA696C /* Controllers */,
				BE0CAAB520AC520300EA696C /* Models */,
				BE0CAAA320AC4B4E00EA696C /* AppDelegate.swift */,
				BE0CAAA720AC4B4E00EA696C /* Main.storyboard */,
				BE0CAAAA20AC4B4E00EA696C /* Assets.xcassets */,
				BE0CAAAC20AC4B4E00EA696C /* LaunchScreen.storyboard */,
				BE0CAAAF20AC4B4E00EA696C /* Info.plist */,
			);
			path = CoffeeHub;
			sourceTree = "<group>";
		};
		BE0CAAB520AC520300EA696C /* Models */ = {
			isa = PBXGroup;
			children = (
				BE0CAAB620AC525700EA696C /* Coffee.swift */,
				BE0CAAB820AC52F200EA696C /* Enums.swift */,
				BE0CAABA20AC554300EA696C /* Recipe.swift */,
				BE0CAABC20AC55B000EA696C /* Ingredient.swift */,
				BE0CAABE20AC597500EA696C /* Grain.swift */,
			);
			path = Models;
			sourceTree = "<group>";
		};
		BE0CAAC020AC74B100EA696C /* Controllers */ = {
			isa = PBXGroup;
			children = (
				BE0CAAC120AC74DD00EA696C /* ArchiveViewController.swift */,
				BE0CAAC820AD9B1000EA696C /* HomeTableViewController.swift */,
			);
			path = Controllers;
			sourceTree = "<group>";
		};
		BE0CAAC320AC74EE00EA696C /* Components */ = {
			isa = PBXGroup;
			children = (
				BE0CAAC620AC75A500EA696C /* Card.xib */,
				BE0CAACC20ADA8C300EA696C /* Card.swift */,
			);
			path = Components;
			sourceTree = "<group>";
		};
/* End PBXGroup section */

/* Begin PBXNativeTarget section */
		BE0CAA9F20AC4B4E00EA696C /* CoffeeHub */ = {
			isa = PBXNativeTarget;
			buildConfigurationList = BE0CAAB220AC4B4E00EA696C /* Build configuration list for PBXNativeTarget "CoffeeHub" */;
			buildPhases = (
				BE0CAA9C20AC4B4E00EA696C /* Sources */,
				BE0CAA9D20AC4B4E00EA696C /* Frameworks */,
				BE0CAA9E20AC4B4E00EA696C /* Resources */,
			);
			buildRules = (
			);
			dependencies = (
			);
			name = CoffeeHub;
			productName = CoffeeHub;
			productReference = BE0CAAA020AC4B4E00EA696C /* CoffeeHub.app */;
			productType = "com.apple.product-type.application";
		};
/* End PBXNativeTarget section */

/* Begin PBXProject section */
		BE0CAA9820AC4B4E00EA696C /* Project object */ = {
			isa = PBXProject;
			attributes = {
				LastSwiftUpdateCheck = 0920;
				LastUpgradeCheck = 0920;
				ORGANIZATIONNAME = "Academy 2018";
				TargetAttributes = {
					BE0CAA9F20AC4B4E00EA696C = {
						CreatedOnToolsVersion = 9.2;
						ProvisioningStyle = Automatic;
					};
				};
			};
			buildConfigurationList = BE0CAA9B20AC4B4E00EA696C /* Build configuration list for PBXProject "CoffeeHub" */;
			compatibilityVersion = "Xcode 8.0";
			developmentRegion = en;
			hasScannedForEncodings = 0;
			knownRegions = (
				en,
				Base,
			);
			mainGroup = BE0CAA9720AC4B4E00EA696C;
			productRefGroup = BE0CAAA120AC4B4E00EA696C /* Products */;
			projectDirPath = "";
			projectRoot = "";
			targets = (
				BE0CAA9F20AC4B4E00EA696C /* CoffeeHub */,
			);
		};
/* End PBXProject section */

/* Begin PBXResourcesBuildPhase section */
		BE0CAA9E20AC4B4E00EA696C /* Resources */ = {
			isa = PBXResourcesBuildPhase;
			buildActionMask = 2147483647;
			files = (
				BE0CAAAE20AC4B4E00EA696C /* LaunchScreen.storyboard in Resources */,
				BE0CAAAB20AC4B4E00EA696C /* Assets.xcassets in Resources */,
				BE0CAAA920AC4B4E00EA696C /* Main.storyboard in Resources */,
				BE0CAAC720AC75A500EA696C /* Card.xib in Resources */,
			);
			runOnlyForDeploymentPostprocessing = 0;
		};
/* End PBXResourcesBuildPhase section */

/* Begin PBXSourcesBuildPhase section */
		BE0CAA9C20AC4B4E00EA696C /* Sources */ = {
			isa = PBXSourcesBuildPhase;
			buildActionMask = 2147483647;
			files = (
				BE0CAABF20AC597500EA696C /* Grain.swift in Sources */,
				BE0CAACD20ADA8C300EA696C /* Card.swift in Sources */,
				BE0CAAB720AC525700EA696C /* Coffee.swift in Sources */,
				BE0CAAB920AC52F300EA696C /* Enums.swift in Sources */,
				BE0CAAA420AC4B4E00EA696C /* AppDelegate.swift in Sources */,
				BE0CAABD20AC55B000EA696C /* Ingredient.swift in Sources */,
				BE0CAAC920AD9B1000EA696C /* HomeTableViewController.swift in Sources */,
				BE0CAABB20AC554300EA696C /* Recipe.swift in Sources */,
				BE0CAAC220AC74DD00EA696C /* ArchiveViewController.swift in Sources */,
			);
			runOnlyForDeploymentPostprocessing = 0;
		};
/* End PBXSourcesBuildPhase section */

/* Begin PBXVariantGroup section */
		BE0CAAA720AC4B4E00EA696C /* Main.storyboard */ = {
			isa = PBXVariantGroup;
			children = (
				BE0CAAA820AC4B4E00EA696C /* Base */,
			);
			name = Main.storyboard;
			sourceTree = "<group>";
		};
		BE0CAAAC20AC4B4E00EA696C /* LaunchScreen.storyboard */ = {
			isa = PBXVariantGroup;
			children = (
				BE0CAAAD20AC4B4E00EA696C /* Base */,
			);
			name = LaunchScreen.storyboard;
			sourceTree = "<group>";
		};
/* End PBXVariantGroup section */

/* Begin XCBuildConfiguration section */
		BE0CAAB020AC4B4E00EA696C /* Debug */ = {
			isa = XCBuildConfiguration;
			buildSettings = {
				ALWAYS_SEARCH_USER_PATHS = NO;
				CLANG_ANALYZER_NONNULL = YES;
				CLANG_ANALYZER_NUMBER_OBJECT_CONVERSION = YES_AGGRESSIVE;
				CLANG_CXX_LANGUAGE_STANDARD = "gnu++14";
				CLANG_CXX_LIBRARY = "libc++";
				CLANG_ENABLE_MODULES = YES;
				CLANG_ENABLE_OBJC_ARC = YES;
				CLANG_WARN_BLOCK_CAPTURE_AUTORELEASING = YES;
				CLANG_WARN_BOOL_CONVERSION = YES;
				CLANG_WARN_COMMA = YES;
				CLANG_WARN_CONSTANT_CONVERSION = YES;
				CLANG_WARN_DIRECT_OBJC_ISA_USAGE = YES_ERROR;
				CLANG_WARN_DOCUMENTATION_COMMENTS = YES;
				CLANG_WARN_EMPTY_BODY = YES;
				CLANG_WARN_ENUM_CONVERSION = YES;
				CLANG_WARN_INFINITE_RECURSION = YES;
				CLANG_WARN_INT_CONVERSION = YES;
				CLANG_WARN_NON_LITERAL_NULL_CONVERSION = YES;
				CLANG_WARN_OBJC_LITERAL_CONVERSION = YES;
				CLANG_WARN_OBJC_ROOT_CLASS = YES_ERROR;
				CLANG_WARN_RANGE_LOOP_ANALYSIS = YES;
				CLANG_WARN_STRICT_PROTOTYPES = YES;
				CLANG_WARN_SUSPICIOUS_MOVE = YES;
				CLANG_WARN_UNGUARDED_AVAILABILITY = YES_AGGRESSIVE;
				CLANG_WARN_UNREACHABLE_CODE = YES;
				CLANG_WARN__DUPLICATE_METHOD_MATCH = YES;
				CODE_SIGN_IDENTITY = "iPhone Developer";
				COPY_PHASE_STRIP = NO;
				DEBUG_INFORMATION_FORMAT = dwarf;
				ENABLE_STRICT_OBJC_MSGSEND = YES;
				ENABLE_TESTABILITY = YES;
				GCC_C_LANGUAGE_STANDARD = gnu11;
				GCC_DYNAMIC_NO_PIC = NO;
				GCC_NO_COMMON_BLOCKS = YES;
				GCC_OPTIMIZATION_LEVEL = 0;
				GCC_PREPROCESSOR_DEFINITIONS = (
					"DEBUG=1",
					"$(inherited)",
				);
				GCC_WARN_64_TO_32_BIT_CONVERSION = YES;
				GCC_WARN_ABOUT_RETURN_TYPE = YES_ERROR;
				GCC_WARN_UNDECLARED_SELECTOR = YES;
				GCC_WARN_UNINITIALIZED_AUTOS = YES_AGGRESSIVE;
				GCC_WARN_UNUSED_FUNCTION = YES;
				GCC_WARN_UNUSED_VARIABLE = YES;
				IPHONEOS_DEPLOYMENT_TARGET = 11.2;
				MTL_ENABLE_DEBUG_INFO = YES;
				ONLY_ACTIVE_ARCH = YES;
				SDKROOT = iphoneos;
				SWIFT_ACTIVE_COMPILATION_CONDITIONS = DEBUG;
				SWIFT_OPTIMIZATION_LEVEL = "-Onone";
			};
			name = Debug;
		};
		BE0CAAB120AC4B4E00EA696C /* Release */ = {
			isa = XCBuildConfiguration;
			buildSettings = {
				ALWAYS_SEARCH_USER_PATHS = NO;
				CLANG_ANALYZER_NONNULL = YES;
				CLANG_ANALYZER_NUMBER_OBJECT_CONVERSION = YES_AGGRESSIVE;
				CLANG_CXX_LANGUAGE_STANDARD = "gnu++14";
				CLANG_CXX_LIBRARY = "libc++";
				CLANG_ENABLE_MODULES = YES;
				CLANG_ENABLE_OBJC_ARC = YES;
				CLANG_WARN_BLOCK_CAPTURE_AUTORELEASING = YES;
				CLANG_WARN_BOOL_CONVERSION = YES;
				CLANG_WARN_COMMA = YES;
				CLANG_WARN_CONSTANT_CONVERSION = YES;
				CLANG_WARN_DIRECT_OBJC_ISA_USAGE = YES_ERROR;
				CLANG_WARN_DOCUMENTATION_COMMENTS = YES;
				CLANG_WARN_EMPTY_BODY = YES;
				CLANG_WARN_ENUM_CONVERSION = YES;
				CLANG_WARN_INFINITE_RECURSION = YES;
				CLANG_WARN_INT_CONVERSION = YES;
				CLANG_WARN_NON_LITERAL_NULL_CONVERSION = YES;
				CLANG_WARN_OBJC_LITERAL_CONVERSION = YES;
				CLANG_WARN_OBJC_ROOT_CLASS = YES_ERROR;
				CLANG_WARN_RANGE_LOOP_ANALYSIS = YES;
				CLANG_WARN_STRICT_PROTOTYPES = YES;
				CLANG_WARN_SUSPICIOUS_MOVE = YES;
				CLANG_WARN_UNGUARDED_AVAILABILITY = YES_AGGRESSIVE;
				CLANG_WARN_UNREACHABLE_CODE = YES;
				CLANG_WARN__DUPLICATE_METHOD_MATCH = YES;
				CODE_SIGN_IDENTITY = "iPhone Developer";
				COPY_PHASE_STRIP = NO;
				DEBUG_INFORMATION_FORMAT = "dwarf-with-dsym";
				ENABLE_NS_ASSERTIONS = NO;
				ENABLE_STRICT_OBJC_MSGSEND = YES;
				GCC_C_LANGUAGE_STANDARD = gnu11;
				GCC_NO_COMMON_BLOCKS = YES;
				GCC_WARN_64_TO_32_BIT_CONVERSION = YES;
				GCC_WARN_ABOUT_RETURN_TYPE = YES_ERROR;
				GCC_WARN_UNDECLARED_SELECTOR = YES;
				GCC_WARN_UNINITIALIZED_AUTOS = YES_AGGRESSIVE;
				GCC_WARN_UNUSED_FUNCTION = YES;
				GCC_WARN_UNUSED_VARIABLE = YES;
				IPHONEOS_DEPLOYMENT_TARGET = 11.2;
				MTL_ENABLE_DEBUG_INFO = NO;
				SDKROOT = iphoneos;
				SWIFT_OPTIMIZATION_LEVEL = "-Owholemodule";
				VALIDATE_PRODUCT = YES;
			};
			name = Release;
		};
		BE0CAAB320AC4B4E00EA696C /* Debug */ = {
			isa = XCBuildConfiguration;
			buildSettings = {
				ASSETCATALOG_COMPILER_APPICON_NAME = AppIcon;
				CODE_SIGN_STYLE = Automatic;
				DEVELOPMENT_TEAM = U9XP2P92X2;
				INFOPLIST_FILE = CoffeeHub/Info.plist;
				LD_RUNPATH_SEARCH_PATHS = "$(inherited) @executable_path/Frameworks";
				PRODUCT_BUNDLE_IDENTIFIER = br.com.academy.CoffeeHub;
				PRODUCT_NAME = "$(TARGET_NAME)";
				SWIFT_VERSION = 4.0;
				TARGETED_DEVICE_FAMILY = "1,2";
			};
			name = Debug;
		};
		BE0CAAB420AC4B4E00EA696C /* Release */ = {
			isa = XCBuildConfiguration;
			buildSettings = {
				ASSETCATALOG_COMPILER_APPICON_NAME = AppIcon;
				CODE_SIGN_STYLE = Automatic;
				DEVELOPMENT_TEAM = U9XP2P92X2;
				INFOPLIST_FILE = CoffeeHub/Info.plist;
				LD_RUNPATH_SEARCH_PATHS = "$(inherited) @executable_path/Frameworks";
				PRODUCT_BUNDLE_IDENTIFIER = br.com.academy.CoffeeHub;
				PRODUCT_NAME = "$(TARGET_NAME)";
				SWIFT_VERSION = 4.0;
				TARGETED_DEVICE_FAMILY = "1,2";
			};
			name = Release;
		};
/* End XCBuildConfiguration section */

/* Begin XCConfigurationList section */
		BE0CAA9B20AC4B4E00EA696C /* Build configuration list for PBXProject "CoffeeHub" */ = {
			isa = XCConfigurationList;
			buildConfigurations = (
				BE0CAAB020AC4B4E00EA696C /* Debug */,
				BE0CAAB120AC4B4E00EA696C /* Release */,
			);
			defaultConfigurationIsVisible = 0;
			defaultConfigurationName = Release;
		};
		BE0CAAB220AC4B4E00EA696C /* Build configuration list for PBXNativeTarget "CoffeeHub" */ = {
			isa = XCConfigurationList;
			buildConfigurations = (
				BE0CAAB320AC4B4E00EA696C /* Debug */,
				BE0CAAB420AC4B4E00EA696C /* Release */,
			);
			defaultConfigurationIsVisible = 0;
			defaultConfigurationName = Release;
		};
/* End XCConfigurationList section */
	};
	rootObject = BE0CAA9820AC4B4E00EA696C /* Project object */;
}
